
Microsoft Visual Studio Solution File, Format Version 12.00
# Visual Studio Version 17
VisualStudioVersion = 17.9.34728.123
MinimumVisualStudioVersion = 10.0.40219.1
Project("{FAE04EC0-301F-11D3-BF4B-00C04F79EFBC}") = "tmp", "tmp.csproj", "{27993BCF-6A71-428C-AAE2-C4B2B83FA900}"
EndProject
Global
	GlobalSection(SolutionConfigurationPlatforms) = preSolution
		Debug|Any CPU = Debug|Any CPU
		Release|Any CPU = Release|Any CPU
	EndGlobalSection
	GlobalSection(ProjectConfigurationPlatforms) = postSolution
		{27993BCF-6A71-428C-AAE2-C4B2B83FA900}.Debug|Any CPU.ActiveCfg = Debug|Any CPU
		{27993BCF-6A71-428C-AAE2-C4B2B83FA900}.Debug|Any CPU.Build.0 = Debug|Any CPU
		{27993BCF-6A71-428C-AAE2-C4B2B83FA900}.Release|Any CPU.ActiveCfg = Release|Any CPU
		{27993BCF-6A71-428C-AAE2-C4B2B83FA900}.Release|Any CPU.Build.0 = Release|Any CPU
	EndGlobalSection
	GlobalSection(SolutionProperties) = preSolution
		HideSolutionNode = FALSE
	EndGlobalSection
	GlobalSection(ExtensibilityGlobals) = postSolution
		SolutionGuid = {1DD92D30-D767-4DA1-83CF-433E258FA618}
	EndGlobalSection
EndGlobal
